// !$*UTF8*$!
{
	archiveVersion = 1;
	classes = {
	};
	objectVersion = 46;
	objects = {

/* Begin PBXBuildFile section */
		F74831DB1DEFB311002E2D93 /* AppDelegate.swift in Sources */ = {isa = PBXBuildFile; fileRef = F74831DA1DEFB311002E2D93 /* AppDelegate.swift */; };
		F74831DD1DEFB311002E2D93 /* ViewController.swift in Sources */ = {isa = PBXBuildFile; fileRef = F74831DC1DEFB311002E2D93 /* ViewController.swift */; };
		F74831E01DEFB311002E2D93 /* Main.storyboard in Resources */ = {isa = PBXBuildFile; fileRef = F74831DE1DEFB311002E2D93 /* Main.storyboard */; };
		F74831E21DEFB311002E2D93 /* Assets.xcassets in Resources */ = {isa = PBXBuildFile; fileRef = F74831E11DEFB311002E2D93 /* Assets.xcassets */; };
		F74831E51DEFB311002E2D93 /* LaunchScreen.storyboard in Resources */ = {isa = PBXBuildFile; fileRef = F74831E31DEFB311002E2D93 /* LaunchScreen.storyboard */; };
		F74831F01DEFB311002E2D93 /* TransDemoTests.swift in Sources */ = {isa = PBXBuildFile; fileRef = F74831EF1DEFB311002E2D93 /* TransDemoTests.swift */; };
		F74831FB1DEFB311002E2D93 /* TransDemoUITests.swift in Sources */ = {isa = PBXBuildFile; fileRef = F74831FA1DEFB311002E2D93 /* TransDemoUITests.swift */; };
/* End PBXBuildFile section */

/* Begin PBXContainerItemProxy section */
		F74831EC1DEFB311002E2D93 /* PBXContainerItemProxy */ = {
			isa = PBXContainerItemProxy;
			containerPortal = F74831CF1DEFB310002E2D93 /* Project object */;
			proxyType = 1;
			remoteGlobalIDString = F74831D61DEFB311002E2D93;
			remoteInfo = TransDemo;
		};
		F74831F71DEFB311002E2D93 /* PBXContainerItemProxy */ = {
			isa = PBXContainerItemProxy;
			containerPortal = F74831CF1DEFB310002E2D93 /* Project object */;
			proxyType = 1;
			remoteGlobalIDString = F74831D61DEFB311002E2D93;
			remoteInfo = TransDemo;
		};
/* End PBXContainerItemProxy section */

/* Begin PBXFileReference section */
		F74831D71DEFB311002E2D93 /* TransDemo.app */ = {isa = PBXFileReference; explicitFileType = wrapper.application; includeInIndex = 0; path = TransDemo.app; sourceTree = BUILT_PRODUCTS_DIR; };
		F74831DA1DEFB311002E2D93 /* AppDelegate.swift */ = {isa = PBXFileReference; lastKnownFileType = sourcecode.swift; path = AppDelegate.swift; sourceTree = "<group>"; };
		F74831DC1DEFB311002E2D93 /* ViewController.swift */ = {isa = PBXFileReference; lastKnownFileType = sourcecode.swift; path = ViewController.swift; sourceTree = "<group>"; };
		F74831DF1DEFB311002E2D93 /* Base */ = {isa = PBXFileReference; lastKnownFileType = file.storyboard; name = Base; path = Base.lproj/Main.storyboard; sourceTree = "<group>"; };
		F74831E11DEFB311002E2D93 /* Assets.xcassets */ = {isa = PBXFileReference; lastKnownFileType = folder.assetcatalog; path = Assets.xcassets; sourceTree = "<group>"; };
		F74831E41DEFB311002E2D93 /* Base */ = {isa = PBXFileReference; lastKnownFileType = file.storyboard; name = Base; path = Base.lproj/LaunchScreen.storyboard; sourceTree = "<group>"; };
		F74831E61DEFB311002E2D93 /* Info.plist */ = {isa = PBXFileReference; lastKnownFileType = text.plist.xml; path = Info.plist; sourceTree = "<group>"; };
		F74831EB1DEFB311002E2D93 /* TransDemoTests.xctest */ = {isa = PBXFileReference; explicitFileType = wrapper.cfbundle; includeInIndex = 0; path = TransDemoTests.xctest; sourceTree = BUILT_PRODUCTS_DIR; };
		F74831EF1DEFB311002E2D93 /* TransDemoTests.swift */ = {isa = PBXFileReference; lastKnownFileType = sourcecode.swift; path = TransDemoTests.swift; sourceTree = "<group>"; };
		F74831F11DEFB311002E2D93 /* Info.plist */ = {isa = PBXFileReference; lastKnownFileType = text.plist.xml; path = Info.plist; sourceTree = "<group>"; };
		F74831F61DEFB311002E2D93 /* TransDemoUITests.xctest */ = {isa = PBXFileReference; explicitFileType = wrapper.cfbundle; includeInIndex = 0; path = TransDemoUITests.xctest; sourceTree = BUILT_PRODUCTS_DIR; };
		F74831FA1DEFB311002E2D93 /* TransDemoUITests.swift */ = {isa = PBXFileReference; lastKnownFileType = sourcecode.swift; path = TransDemoUITests.swift; sourceTree = "<group>"; };
		F74831FC1DEFB311002E2D93 /* Info.plist */ = {isa = PBXFileReference; lastKnownFileType = text.plist.xml; path = Info.plist; sourceTree = "<group>"; };
/* End PBXFileReference section */

/* Begin PBXFrameworksBuildPhase section */
		F74831D41DEFB311002E2D93 /* Frameworks */ = {
			isa = PBXFrameworksBuildPhase;
			buildActionMask = 2147483647;
			files = (
			);
			runOnlyForDeploymentPostprocessing = 0;
		};
		F74831E81DEFB311002E2D93 /* Frameworks */ = {
			isa = PBXFrameworksBuildPhase;
			buildActionMask = 2147483647;
			files = (
			);
			runOnlyForDeploymentPostprocessing = 0;
		};
		F74831F31DEFB311002E2D93 /* Frameworks */ = {
			isa = PBXFrameworksBuildPhase;
			buildActionMask = 2147483647;
			files = (
			);
			runOnlyForDeploymentPostprocessing = 0;
		};
/* End PBXFrameworksBuildPhase section */

/* Begin PBXGroup section */
		F74831CE1DEFB310002E2D93 = {
			isa = PBXGroup;
			children = (
				F74831D91DEFB311002E2D93 /* TransDemo */,
				F74831EE1DEFB311002E2D93 /* TransDemoTests */,
				F74831F91DEFB311002E2D93 /* TransDemoUITests */,
				F74831D81DEFB311002E2D93 /* Products */,
			);
			sourceTree = "<group>";
		};
		F74831D81DEFB311002E2D93 /* Products */ = {
			isa = PBXGroup;
			children = (
				F74831D71DEFB311002E2D93 /* TransDemo.app */,
				F74831EB1DEFB311002E2D93 /* TransDemoTests.xctest */,
				F74831F61DEFB311002E2D93 /* TransDemoUITests.xctest */,
			);
			name = Products;
			sourceTree = "<group>";
		};
		F74831D91DEFB311002E2D93 /* TransDemo */ = {
			isa = PBXGroup;
			children = (
				F74831DA1DEFB311002E2D93 /* AppDelegate.swift */,
				F74831DC1DEFB311002E2D93 /* ViewController.swift */,
				F74831DE1DEFB311002E2D93 /* Main.storyboard */,
				F74831E11DEFB311002E2D93 /* Assets.xcassets */,
				F74831E31DEFB311002E2D93 /* LaunchScreen.storyboard */,
				F74831E61DEFB311002E2D93 /* Info.plist */,
			);
			path = TransDemo;
			sourceTree = "<group>";
		};
		F74831EE1DEFB311002E2D93 /* TransDemoTests */ = {
			isa = PBXGroup;
			children = (
				F74831EF1DEFB311002E2D93 /* TransDemoTests.swift */,
				F74831F11DEFB311002E2D93 /* Info.plist */,
			);
			path = TransDemoTests;
			sourceTree = "<group>";
		};
		F74831F91DEFB311002E2D93 /* TransDemoUITests */ = {
			isa = PBXGroup;
			children = (
				F74831FA1DEFB311002E2D93 /* TransDemoUITests.swift */,
				F74831FC1DEFB311002E2D93 /* Info.plist */,
			);
			path = TransDemoUITests;
			sourceTree = "<group>";
		};
/* End PBXGroup section */

/* Begin PBXNativeTarget section */
		F74831D61DEFB311002E2D93 /* TransDemo */ = {
			isa = PBXNativeTarget;
			buildConfigurationList = F74831FF1DEFB311002E2D93 /* Build configuration list for PBXNativeTarget "TransDemo" */;
			buildPhases = (
				F74831D31DEFB311002E2D93 /* Sources */,
				F74831D41DEFB311002E2D93 /* Frameworks */,
				F74831D51DEFB311002E2D93 /* Resources */,
			);
			buildRules = (
			);
			dependencies = (
			);
			name = TransDemo;
			productName = TransDemo;
			productReference = F74831D71DEFB311002E2D93 /* TransDemo.app */;
			productType = "com.apple.product-type.application";
		};
		F74831EA1DEFB311002E2D93 /* TransDemoTests */ = {
			isa = PBXNativeTarget;
			buildConfigurationList = F74832021DEFB311002E2D93 /* Build configuration list for PBXNativeTarget "TransDemoTests" */;
			buildPhases = (
				F74831E71DEFB311002E2D93 /* Sources */,
				F74831E81DEFB311002E2D93 /* Frameworks */,
				F74831E91DEFB311002E2D93 /* Resources */,
			);
			buildRules = (
			);
			dependencies = (
				F74831ED1DEFB311002E2D93 /* PBXTargetDependency */,
			);
			name = TransDemoTests;
			productName = TransDemoTests;
			productReference = F74831EB1DEFB311002E2D93 /* TransDemoTests.xctest */;
			productType = "com.apple.product-type.bundle.unit-test";
		};
		F74831F51DEFB311002E2D93 /* TransDemoUITests */ = {
			isa = PBXNativeTarget;
			buildConfigurationList = F74832051DEFB311002E2D93 /* Build configuration list for PBXNativeTarget "TransDemoUITests" */;
			buildPhases = (
				F74831F21DEFB311002E2D93 /* Sources */,
				F74831F31DEFB311002E2D93 /* Frameworks */,
				F74831F41DEFB311002E2D93 /* Resources */,
			);
			buildRules = (
			);
			dependencies = (
				F74831F81DEFB311002E2D93 /* PBXTargetDependency */,
			);
			name = TransDemoUITests;
			productName = TransDemoUITests;
			productReference = F74831F61DEFB311002E2D93 /* TransDemoUITests.xctest */;
			productType = "com.apple.product-type.bundle.ui-testing";
		};
/* End PBXNativeTarget section */

/* Begin PBXProject section */
		F74831CF1DEFB310002E2D93 /* Project object */ = {
			isa = PBXProject;
			attributes = {
				LastSwiftUpdateCheck = 0810;
				LastUpgradeCheck = 0810;
				ORGANIZATIONNAME = "百变家装002";
				TargetAttributes = {
					F74831D61DEFB311002E2D93 = {
						CreatedOnToolsVersion = 8.1;
						ProvisioningStyle = Automatic;
					};
					F74831EA1DEFB311002E2D93 = {
						CreatedOnToolsVersion = 8.1;
						ProvisioningStyle = Automatic;
						TestTargetID = F74831D61DEFB311002E2D93;
					};
					F74831F51DEFB311002E2D93 = {
						CreatedOnToolsVersion = 8.1;
						ProvisioningStyle = Automatic;
						TestTargetID = F74831D61DEFB311002E2D93;
					};
				};
			};
			buildConfigurationList = F74831D21DEFB310002E2D93 /* Build configuration list for PBXProject "TransDemo" */;
			compatibilityVersion = "Xcode 3.2";
			developmentRegion = English;
			hasScannedForEncodings = 0;
			knownRegions = (
				en,
				Base,
			);
			mainGroup = F74831CE1DEFB310002E2D93;
			productRefGroup = F74831D81DEFB311002E2D93 /* Products */;
			projectDirPath = "";
			projectRoot = "";
			targets = (
				F74831D61DEFB311002E2D93 /* TransDemo */,
				F74831EA1DEFB311002E2D93 /* TransDemoTests */,
				F74831F51DEFB311002E2D93 /* TransDemoUITests */,
			);
		};
/* End PBXProject section */

/* Begin PBXResourcesBuildPhase section */
		F74831D51DEFB311002E2D93 /* Resources */ = {
			isa = PBXResourcesBuildPhase;
			buildActionMask = 2147483647;
			files = (
				F74831E51DEFB311002E2D93 /* LaunchScreen.storyboard in Resources */,
				F74831E21DEFB311002E2D93 /* Assets.xcassets in Resources */,
				F74831E01DEFB311002E2D93 /* Main.storyboard in Resources */,
			);
			runOnlyForDeploymentPostprocessing = 0;
		};
		F74831E91DEFB311002E2D93 /* Resources */ = {
			isa = PBXResourcesBuildPhase;
			buildActionMask = 2147483647;
			files = (
			);
			runOnlyForDeploymentPostprocessing = 0;
		};
		F74831F41DEFB311002E2D93 /* Resources */ = {
			isa = PBXResourcesBuildPhase;
			buildActionMask = 2147483647;
			files = (
			);
			runOnlyForDeploymentPostprocessing = 0;
		};
/* End PBXResourcesBuildPhase section */

/* Begin PBXSourcesBuildPhase section */
		F74831D31DEFB311002E2D93 /* Sources */ = {
			isa = PBXSourcesBuildPhase;
			buildActionMask = 2147483647;
			files = (
				F74831DD1DEFB311002E2D93 /* ViewController.swift in Sources */,
				F74831DB1DEFB311002E2D93 /* AppDelegate.swift in Sources */,
			);
			runOnlyForDeploymentPostprocessing = 0;
		};
		F74831E71DEFB311002E2D93 /* Sources */ = {
			isa = PBXSourcesBuildPhase;
			buildActionMask = 2147483647;
			files = (
				F74831F01DEFB311002E2D93 /* TransDemoTests.swift in Sources */,
			);
			runOnlyForDeploymentPostprocessing = 0;
		};
		F74831F21DEFB311002E2D93 /* Sources */ = {
			isa = PBXSourcesBuildPhase;
			buildActionMask = 2147483647;
			files = (
				F74831FB1DEFB311002E2D93 /* TransDemoUITests.swift in Sources */,
			);
			runOnlyForDeploymentPostprocessing = 0;
		};
/* End PBXSourcesBuildPhase section */

/* Begin PBXTargetDependency section */
		F74831ED1DEFB311002E2D93 /* PBXTargetDependency */ = {
			isa = PBXTargetDependency;
			target = F74831D61DEFB311002E2D93 /* TransDemo */;
			targetProxy = F74831EC1DEFB311002E2D93 /* PBXContainerItemProxy */;
		};
		F74831F81DEFB311002E2D93 /* PBXTargetDependency */ = {
			isa = PBXTargetDependency;
			target = F74831D61DEFB311002E2D93 /* TransDemo */;
			targetProxy = F74831F71DEFB311002E2D93 /* PBXContainerItemProxy */;
		};
/* End PBXTargetDependency section */

/* Begin PBXVariantGroup section */
		F74831DE1DEFB311002E2D93 /* Main.storyboard */ = {
			isa = PBXVariantGroup;
			children = (
				F74831DF1DEFB311002E2D93 /* Base */,
			);
			name = Main.storyboard;
			sourceTree = "<group>";
		};
		F74831E31DEFB311002E2D93 /* LaunchScreen.storyboard */ = {
			isa = PBXVariantGroup;
			children = (
				F74831E41DEFB311002E2D93 /* Base */,
			);
			name = LaunchScreen.storyboard;
			sourceTree = "<group>";
		};
/* End PBXVariantGroup section */

/* Begin XCBuildConfiguration section */
		F74831FD1DEFB311002E2D93 /* Debug */ = {
			isa = XCBuildConfiguration;
			buildSettings = {
				ALWAYS_SEARCH_USER_PATHS = NO;
				CLANG_ANALYZER_NONNULL = YES;
				CLANG_CXX_LANGUAGE_STANDARD = "gnu++0x";
				CLANG_CXX_LIBRARY = "libc++";
				CLANG_ENABLE_MODULES = YES;
				CLANG_ENABLE_OBJC_ARC = YES;
				CLANG_WARN_BOOL_CONVERSION = YES;
				CLANG_WARN_CONSTANT_CONVERSION = YES;
				CLANG_WARN_DIRECT_OBJC_ISA_USAGE = YES_ERROR;
				CLANG_WARN_DOCUMENTATION_COMMENTS = YES;
				CLANG_WARN_EMPTY_BODY = YES;
				CLANG_WARN_ENUM_CONVERSION = YES;
				CLANG_WARN_INFINITE_RECURSION = YES;
				CLANG_WARN_INT_CONVERSION = YES;
				CLANG_WARN_OBJC_ROOT_CLASS = YES_ERROR;
				CLANG_WARN_SUSPICIOUS_MOVES = YES;
				CLANG_WARN_UNREACHABLE_CODE = YES;
				CLANG_WARN__DUPLICATE_METHOD_MATCH = YES;
				"CODE_SIGN_IDENTITY[sdk=iphoneos*]" = "iPhone Developer";
				COPY_PHASE_STRIP = NO;
				DEBUG_INFORMATION_FORMAT = dwarf;
				ENABLE_STRICT_OBJC_MSGSEND = YES;
				ENABLE_TESTABILITY = YES;
				GCC_C_LANGUAGE_STANDARD = gnu99;
				GCC_DYNAMIC_NO_PIC = NO;
				GCC_NO_COMMON_BLOCKS = YES;
				GCC_OPTIMIZATION_LEVEL = 0;
				GCC_PREPROCESSOR_DEFINITIONS = (
					"DEBUG=1",
					"$(inherited)",
				);
				GCC_WARN_64_TO_32_BIT_CONVERSION = YES;
				GCC_WARN_ABOUT_RETURN_TYPE = YES_ERROR;
				GCC_WARN_UNDECLARED_SELECTOR = YES;
				GCC_WARN_UNINITIALIZED_AUTOS = YES_AGGRESSIVE;
				GCC_WARN_UNUSED_FUNCTION = YES;
				GCC_WARN_UNUSED_VARIABLE = YES;
				IPHONEOS_DEPLOYMENT_TARGET = 10.1;
				MTL_ENABLE_DEBUG_INFO = YES;
				ONLY_ACTIVE_ARCH = YES;
				SDKROOT = iphoneos;
				SWIFT_ACTIVE_COMPILATION_CONDITIONS = DEBUG;
				SWIFT_OPTIMIZATION_LEVEL = "-Onone";
			};
			name = Debug;
		};
		F74831FE1DEFB311002E2D93 /* Release */ = {
			isa = XCBuildConfiguration;
			buildSettings = {
				ALWAYS_SEARCH_USER_PATHS = NO;
				CLANG_ANALYZER_NONNULL = YES;
				CLANG_CXX_LANGUAGE_STANDARD = "gnu++0x";
				CLANG_CXX_LIBRARY = "libc++";
				CLANG_ENABLE_MODULES = YES;
				CLANG_ENABLE_OBJC_ARC = YES;
				CLANG_WARN_BOOL_CONVERSION = YES;
				CLANG_WARN_CONSTANT_CONVERSION = YES;
				CLANG_WARN_DIRECT_OBJC_ISA_USAGE = YES_ERROR;
				CLANG_WARN_DOCUMENTATION_COMMENTS = YES;
				CLANG_WARN_EMPTY_BODY = YES;
				CLANG_WARN_ENUM_CONVERSION = YES;
				CLANG_WARN_INFINITE_RECURSION = YES;
				CLANG_WARN_INT_CONVERSION = YES;
				CLANG_WARN_OBJC_ROOT_CLASS = YES_ERROR;
				CLANG_WARN_SUSPICIOUS_MOVES = YES;
				CLANG_WARN_UNREACHABLE_CODE = YES;
				CLANG_WARN__DUPLICATE_METHOD_MATCH = YES;
				"CODE_SIGN_IDENTITY[sdk=iphoneos*]" = "iPhone Developer";
				COPY_PHASE_STRIP = NO;
				DEBUG_INFORMATION_FORMAT = "dwarf-with-dsym";
				ENABLE_NS_ASSERTIONS = NO;
				ENABLE_STRICT_OBJC_MSGSEND = YES;
				GCC_C_LANGUAGE_STANDARD = gnu99;
				GCC_NO_COMMON_BLOCKS = YES;
				GCC_WARN_64_TO_32_BIT_CONVERSION = YES;
				GCC_WARN_ABOUT_RETURN_TYPE = YES_ERROR;
				GCC_WARN_UNDECLARED_SELECTOR = YES;
				GCC_WARN_UNINITIALIZED_AUTOS = YES_AGGRESSIVE;
				GCC_WARN_UNUSED_FUNCTION = YES;
				GCC_WARN_UNUSED_VARIABLE = YES;
				IPHONEOS_DEPLOYMENT_TARGET = 10.1;
				MTL_ENABLE_DEBUG_INFO = NO;
				SDKROOT = iphoneos;
				SWIFT_OPTIMIZATION_LEVEL = "-Owholemodule";
				VALIDATE_PRODUCT = YES;
			};
			name = Release;
		};
		F74832001DEFB311002E2D93 /* Debug */ = {
			isa = XCBuildConfiguration;
			buildSettings = {
				ASSETCATALOG_COMPILER_APPICON_NAME = AppIcon;
				INFOPLIST_FILE = TransDemo/Info.plist;
				LD_RUNPATH_SEARCH_PATHS = "$(inherited) @executable_path/Frameworks";
				PRODUCT_BUNDLE_IDENTIFIER = baibian.TransDemo;
				PRODUCT_NAME = "$(TARGET_NAME)";
				SWIFT_VERSION = 3.0;
			};
			name = Debug;
		};
		F74832011DEFB311002E2D93 /* Release */ = {
			isa = XCBuildConfiguration;
			buildSettings = {
				ASSETCATALOG_COMPILER_APPICON_NAME = AppIcon;
				INFOPLIST_FILE = TransDemo/Info.plist;
				LD_RUNPATH_SEARCH_PATHS = "$(inherited) @executable_path/Frameworks";
				PRODUCT_BUNDLE_IDENTIFIER = baibian.TransDemo;
				PRODUCT_NAME = "$(TARGET_NAME)";
				SWIFT_VERSION = 3.0;
			};
			name = Release;
		};
		F74832031DEFB311002E2D93 /* Debug */ = {
			isa = XCBuildConfiguration;
			buildSettings = {
				ALWAYS_EMBED_SWIFT_STANDARD_LIBRARIES = YES;
				BUNDLE_LOADER = "$(TEST_HOST)";
				INFOPLIST_FILE = TransDemoTests/Info.plist;
				LD_RUNPATH_SEARCH_PATHS = "$(inherited) @executable_path/Frameworks @loader_path/Frameworks";
				PRODUCT_BUNDLE_IDENTIFIER = baibian.TransDemoTests;
				PRODUCT_NAME = "$(TARGET_NAME)";
				SWIFT_VERSION = 3.0;
				TEST_HOST = "$(BUILT_PRODUCTS_DIR)/TransDemo.app/TransDemo";
			};
			name = Debug;
		};
		F74832041DEFB311002E2D93 /* Release */ = {
			isa = XCBuildConfiguration;
			buildSettings = {
				ALWAYS_EMBED_SWIFT_STANDARD_LIBRARIES = YES;
				BUNDLE_LOADER = "$(TEST_HOST)";
				INFOPLIST_FILE = TransDemoTests/Info.plist;
				LD_RUNPATH_SEARCH_PATHS = "$(inherited) @executable_path/Frameworks @loader_path/Frameworks";
				PRODUCT_BUNDLE_IDENTIFIER = baibian.TransDemoTests;
				PRODUCT_NAME = "$(TARGET_NAME)";
				SWIFT_VERSION = 3.0;
				TEST_HOST = "$(BUILT_PRODUCTS_DIR)/TransDemo.app/TransDemo";
			};
			name = Release;
		};
		F74832061DEFB311002E2D93 /* Debug */ = {
			isa = XCBuildConfiguration;
			buildSettings = {
				ALWAYS_EMBED_SWIFT_STANDARD_LIBRARIES = YES;
				INFOPLIST_FILE = TransDemoUITests/Info.plist;
				LD_RUNPATH_SEARCH_PATHS = "$(inherited) @executable_path/Frameworks @loader_path/Frameworks";
				PRODUCT_BUNDLE_IDENTIFIER = baibian.TransDemoUITests;
				PRODUCT_NAME = "$(TARGET_NAME)";
				SWIFT_VERSION = 3.0;
				TEST_TARGET_NAME = TransDemo;
			};
			name = Debug;
		};
		F74832071DEFB311002E2D93 /* Release */ = {
			isa = XCBuildConfiguration;
			buildSettings = {
				ALWAYS_EMBED_SWIFT_STANDARD_LIBRARIES = YES;
				INFOPLIST_FILE = TransDemoUITests/Info.plist;
				LD_RUNPATH_SEARCH_PATHS = "$(inherited) @executable_path/Frameworks @loader_path/Frameworks";
				PRODUCT_BUNDLE_IDENTIFIER = baibian.TransDemoUITests;
				PRODUCT_NAME = "$(TARGET_NAME)";
				SWIFT_VERSION = 3.0;
				TEST_TARGET_NAME = TransDemo;
			};
			name = Release;
		};
/* End XCBuildConfiguration section */

/* Begin XCConfigurationList section */
		F74831D21DEFB310002E2D93 /* Build configuration list for PBXProject "TransDemo" */ = {
			isa = XCConfigurationList;
			buildConfigurations = (
				F74831FD1DEFB311002E2D93 /* Debug */,
				F74831FE1DEFB311002E2D93 /* Release */,
			);
			defaultConfigurationIsVisible = 0;
			defaultConfigurationName = Release;
		};
		F74831FF1DEFB311002E2D93 /* Build configuration list for PBXNativeTarget "TransDemo" */ = {
			isa = XCConfigurationList;
			buildConfigurations = (
				F74832001DEFB311002E2D93 /* Debug */,
				F74832011DEFB311002E2D93 /* Release */,
			);
			defaultConfigurationIsVisible = 0;
		};
		F74832021DEFB311002E2D93 /* Build configuration list for PBXNativeTarget "TransDemoTests" */ = {
			isa = XCConfigurationList;
			buildConfigurations = (
				F74832031DEFB311002E2D93 /* Debug */,
				F74832041DEFB311002E2D93 /* Release */,
			);
			defaultConfigurationIsVisible = 0;
		};
		F74832051DEFB311002E2D93 /* Build configuration list for PBXNativeTarget "TransDemoUITests" */ = {
			isa = XCConfigurationList;
			buildConfigurations = (
				F74832061DEFB311002E2D93 /* Debug */,
				F74832071DEFB311002E2D93 /* Release */,
			);
			defaultConfigurationIsVisible = 0;
		};
/* End XCConfigurationList section */
	};
	rootObject = F74831CF1DEFB310002E2D93 /* Project object */;
}
